<?xml version="1.0" encoding="UTF-8"?>
<!DOCTYPE plist PUBLIC "-//Apple//DTD PLIST 1.0//EN" "http://www.apple.com/DTDs/PropertyList-1.0.dtd">
<plist version="1.0">
<dict>
	<key>archiveVersion</key>
	<string>1</string>
	<key>classes</key>
	<dict/>
	<key>objectVersion</key>
	<string>46</string>
	<key>objects</key>
	<dict>
		<key>2800C908504AD9E3F8AB4736</key>
		<dict>
			<key>includeInIndex</key>
			<string>1</string>
			<key>isa</key>
			<string>PBXFileReference</string>
			<key>lastKnownFileType</key>
			<string>text.xcconfig</string>
			<key>name</key>
			<string>Pods.debug.xcconfig</string>
			<key>path</key>
			<string>Pods/Target Support Files/Pods/Pods.debug.xcconfig</string>
			<key>sourceTree</key>
			<string>&lt;group&gt;</string>
		</dict>
		<key>34B7C5A8624D3C72FF9FAF6B</key>
		<dict>
			<key>buildActionMask</key>
			<string>2147483647</string>
			<key>files</key>
			<array/>
			<key>inputPaths</key>
			<array/>
			<key>isa</key>
			<string>PBXShellScriptBuildPhase</string>
			<key>name</key>
			<string>Copy Pods Resources</string>
			<key>outputPaths</key>
			<array/>
			<key>runOnlyForDeploymentPostprocessing</key>
			<string>0</string>
			<key>shellPath</key>
			<string>/bin/sh</string>
			<key>shellScript</key>
			<string>"${SRCROOT}/Pods/Target Support Files/Pods/Pods-resources.sh"
</string>
			<key>showEnvVarsInLog</key>
			<string>0</string>
		</dict>
		<key>46ECE1D491EFDF368C30AC7E</key>
		<dict>
			<key>buildActionMask</key>
			<string>2147483647</string>
			<key>files</key>
			<array/>
			<key>inputPaths</key>
			<array/>
			<key>isa</key>
			<string>PBXShellScriptBuildPhase</string>
			<key>name</key>
			<string>Check Pods Manifest.lock</string>
			<key>outputPaths</key>
			<array/>
			<key>runOnlyForDeploymentPostprocessing</key>
			<string>0</string>
			<key>shellPath</key>
			<string>/bin/sh</string>
			<key>shellScript</key>
			<string>diff "${PODS_ROOT}/../Podfile.lock" "${PODS_ROOT}/Manifest.lock" &gt; /dev/null
if [[ $? != 0 ]] ; then
    cat &lt;&lt; EOM
error: The sandbox is not in sync with the Podfile.lock. Run 'pod install' or update your CocoaPods installation.
EOM
    exit 1
fi
</string>
			<key>showEnvVarsInLog</key>
			<string>0</string>
		</dict>
		<key>4B375CA11B85038F00583F2B</key>
		<dict>
			<key>fileEncoding</key>
			<string>4</string>
			<key>isa</key>
			<string>PBXFileReference</string>
			<key>lastKnownFileType</key>
			<string>sourcecode.c.h</string>
			<key>path</key>
			<string>ShaderCanvasViewController.h</string>
			<key>sourceTree</key>
			<string>&lt;group&gt;</string>
		</dict>
		<key>4B375CA21B85038F00583F2B</key>
		<dict>
			<key>fileEncoding</key>
			<string>4</string>
			<key>isa</key>
			<string>PBXFileReference</string>
			<key>lastKnownFileType</key>
			<string>sourcecode.c.objc</string>
			<key>path</key>
			<string>ShaderCanvasViewController.m</string>
			<key>sourceTree</key>
			<string>&lt;group&gt;</string>
		</dict>
		<key>4B375CA31B85038F00583F2B</key>
		<dict>
			<key>fileRef</key>
			<string>4B375CA21B85038F00583F2B</string>
			<key>isa</key>
			<string>PBXBuildFile</string>
		</dict>
		<key>4B375CA81B85DCF600583F2B</key>
		<dict>
			<key>isa</key>
			<string>PBXFileReference</string>
			<key>lastKnownFileType</key>
			<string>folder</string>
			<key>path</key>
			<string>presets</string>
			<key>sourceTree</key>
			<string>&lt;group&gt;</string>
		</dict>
		<key>4B375CA91B85DCF600583F2B</key>
		<dict>
			<key>fileRef</key>
			<string>4B375CA81B85DCF600583F2B</string>
			<key>isa</key>
			<string>PBXBuildFile</string>
		</dict>
		<key>4BF748BB1B84852A00E2F772</key>
		<dict>
			<key>children</key>
			<array>
				<string>4BF748C61B84852A00E2F772</string>
				<string>4BF748C51B84852A00E2F772</string>
				<string>EB0732F8B39093A1C563C9D0</string>
				<string>E5503E79E7E94822BE19495A</string>
			</array>
			<key>isa</key>
			<string>PBXGroup</string>
			<key>sourceTree</key>
			<string>&lt;group&gt;</string>
		</dict>
		<key>4BF748BC1B84852A00E2F772</key>
		<dict>
			<key>attributes</key>
			<dict>
				<key>LastUpgradeCheck</key>
				<string>0640</string>
				<key>ORGANIZATIONNAME</key>
				<string>Reinder Nijhoff</string>
				<key>TargetAttributes</key>
				<dict>
					<key>4BF748C31B84852A00E2F772</key>
					<dict>
						<key>CreatedOnToolsVersion</key>
						<string>6.4</string>
					</dict>
				</dict>
			</dict>
			<key>buildConfigurationList</key>
			<string>4BF748BF1B84852A00E2F772</string>
			<key>compatibilityVersion</key>
			<string>Xcode 3.2</string>
			<key>developmentRegion</key>
			<string>English</string>
			<key>hasScannedForEncodings</key>
			<string>0</string>
			<key>isa</key>
			<string>PBXProject</string>
			<key>knownRegions</key>
			<array>
				<string>en</string>
				<string>Base</string>
			</array>
			<key>mainGroup</key>
			<string>4BF748BB1B84852A00E2F772</string>
			<key>productRefGroup</key>
			<string>4BF748C51B84852A00E2F772</string>
			<key>projectDirPath</key>
			<string></string>
			<key>projectReferences</key>
			<array/>
			<key>projectRoot</key>
			<string></string>
			<key>targets</key>
			<array>
				<string>4BF748C31B84852A00E2F772</string>
			</array>
		</dict>
		<key>4BF748BF1B84852A00E2F772</key>
		<dict>
			<key>buildConfigurations</key>
			<array>
				<string>4BF748E81B84852A00E2F772</string>
				<string>4BF748E91B84852A00E2F772</string>
			</array>
			<key>defaultConfigurationIsVisible</key>
			<string>0</string>
			<key>defaultConfigurationName</key>
			<string>Release</string>
			<key>isa</key>
			<string>XCConfigurationList</string>
		</dict>
		<key>4BF748C01B84852A00E2F772</key>
		<dict>
			<key>buildActionMask</key>
			<string>2147483647</string>
			<key>files</key>
			<array>
				<string>4BF748F21B848AD900E2F772</string>
				<string>4BF748CD1B84852A00E2F772</string>
				<string>4BF7490C1B84BD8900E2F772</string>
				<string>4BF748F51B8491A100E2F772</string>
				<string>4B375CA31B85038F00583F2B</string>
				<string>4BF749091B84B1B500E2F772</string>
				<string>4BF748FE1B8498E100E2F772</string>
				<string>4BF749211B84E17B00E2F772</string>
				<string>4BF7490F1B84C48200E2F772</string>
				<string>4BF748CA1B84852A00E2F772</string>
				<string>4BF749121B84CE3000E2F772</string>
			</array>
			<key>isa</key>
			<string>PBXSourcesBuildPhase</string>
			<key>runOnlyForDeploymentPostprocessing</key>
			<string>0</string>
		</dict>
		<key>4BF748C11B84852A00E2F772</key>
		<dict>
			<key>buildActionMask</key>
			<string>2147483647</string>
			<key>files</key>
			<array>
				<string>4BF749171B84D35A00E2F772</string>
				<string>4BF749181B84D35A00E2F772</string>
				<string>DE805019269C7314626ED46E</string>
			</array>
			<key>isa</key>
			<string>PBXFrameworksBuildPhase</string>
			<key>runOnlyForDeploymentPostprocessing</key>
			<string>0</string>
		</dict>
		<key>4BF748C21B84852A00E2F772</key>
		<dict>
			<key>buildActionMask</key>
			<string>2147483647</string>
			<key>files</key>
			<array>
				<string>4BF748D61B84852A00E2F772</string>
				<string>4BF748FF1B8498E100E2F772</string>
				<string>4B375CA91B85DCF600583F2B</string>
				<string>4BF748DB1B84852A00E2F772</string>
				<string>4BF748D81B84852A00E2F772</string>
			</array>
			<key>isa</key>
			<string>PBXResourcesBuildPhase</string>
			<key>runOnlyForDeploymentPostprocessing</key>
			<string>0</string>
		</dict>
		<key>4BF748C31B84852A00E2F772</key>
		<dict>
			<key>buildConfigurationList</key>
			<string>4BF748EA1B84852A00E2F772</string>
			<key>buildPhases</key>
			<array>
				<string>46ECE1D491EFDF368C30AC7E</string>
				<string>4BF748C01B84852A00E2F772</string>
				<string>4BF748C11B84852A00E2F772</string>
				<string>4BF748C21B84852A00E2F772</string>
				<string>34B7C5A8624D3C72FF9FAF6B</string>
			</array>
			<key>buildRules</key>
			<array/>
			<key>dependencies</key>
			<array/>
			<key>isa</key>
			<string>PBXNativeTarget</string>
			<key>name</key>
			<string>shadertoy</string>
			<key>productName</key>
			<string>shadertoy</string>
			<key>productReference</key>
			<string>4BF748C41B84852A00E2F772</string>
			<key>productType</key>
			<string>com.apple.product-type.application</string>
		</dict>
		<key>4BF748C41B84852A00E2F772</key>
		<dict>
			<key>explicitFileType</key>
			<string>wrapper.application</string>
			<key>includeInIndex</key>
			<string>0</string>
			<key>isa</key>
			<string>PBXFileReference</string>
			<key>path</key>
			<string>shadertoy.app</string>
			<key>sourceTree</key>
			<string>BUILT_PRODUCTS_DIR</string>
		</dict>
		<key>4BF748C51B84852A00E2F772</key>
		<dict>
			<key>children</key>
			<array>
				<string>4BF748C41B84852A00E2F772</string>
			</array>
			<key>isa</key>
			<string>PBXGroup</string>
			<key>name</key>
			<string>Products</string>
			<key>sourceTree</key>
			<string>&lt;group&gt;</string>
		</dict>
		<key>4BF748C61B84852A00E2F772</key>
		<dict>
			<key>children</key>
			<array>
				<string>4BF749071B84B1B500E2F772</string>
				<string>4BF749081B84B1B500E2F772</string>
				<string>4BF7490A1B84BD8900E2F772</string>
				<string>4BF7490B1B84BD8900E2F772</string>
				<string>4BF748F01B848AD900E2F772</string>
				<string>4BF748F11B848AD900E2F772</string>
				<string>4BF748CB1B84852A00E2F772</string>
				<string>4BF748CC1B84852A00E2F772</string>
				<string>4BF748D71B84852A00E2F772</string>
				<string>4BF748D91B84852A00E2F772</string>
				<string>4BF7490D1B84C48200E2F772</string>
				<string>4BF7490E1B84C48200E2F772</string>
				<string>4BF748D41B84852A00E2F772</string>
				<string>4BF7491F1B84E17B00E2F772</string>
				<string>4BF749201B84E17B00E2F772</string>
				<string>4B375CA81B85DCF600583F2B</string>
				<string>4BF748FB1B8498E100E2F772</string>
				<string>4BF748FC1B8498E100E2F772</string>
				<string>4BF748FD1B8498E100E2F772</string>
				<string>4BF748F31B8491A100E2F772</string>
				<string>4BF748F41B8491A100E2F772</string>
				<string>4B375CA11B85038F00583F2B</string>
				<string>4B375CA21B85038F00583F2B</string>
				<string>4BF749101B84CE3000E2F772</string>
				<string>4BF749111B84CE3000E2F772</string>
				<string>4BF748C71B84852A00E2F772</string>
			</array>
			<key>isa</key>
			<string>PBXGroup</string>
			<key>path</key>
			<string>shadertoy</string>
			<key>sourceTree</key>
			<string>&lt;group&gt;</string>
		</dict>
		<key>4BF748C71B84852A00E2F772</key>
		<dict>
			<key>children</key>
			<array>
				<string>4BF748C81B84852A00E2F772</string>
				<string>4BF748C91B84852A00E2F772</string>
			</array>
			<key>isa</key>
			<string>PBXGroup</string>
			<key>name</key>
			<string>Supporting Files</string>
			<key>sourceTree</key>
			<string>&lt;group&gt;</string>
		</dict>
		<key>4BF748C81B84852A00E2F772</key>
		<dict>
			<key>isa</key>
			<string>PBXFileReference</string>
			<key>lastKnownFileType</key>
			<string>text.plist.xml</string>
			<key>path</key>
			<string>Info.plist</string>
			<key>sourceTree</key>
			<string>&lt;group&gt;</string>
		</dict>
		<key>4BF748C91B84852A00E2F772</key>
		<dict>
			<key>isa</key>
			<string>PBXFileReference</string>
			<key>lastKnownFileType</key>
			<string>sourcecode.c.objc</string>
			<key>path</key>
			<string>main.m</string>
			<key>sourceTree</key>
			<string>&lt;group&gt;</string>
		</dict>
		<key>4BF748CA1B84852A00E2F772</key>
		<dict>
			<key>fileRef</key>
			<string>4BF748C91B84852A00E2F772</string>
			<key>isa</key>
			<string>PBXBuildFile</string>
		</dict>
		<key>4BF748CB1B84852A00E2F772</key>
		<dict>
			<key>isa</key>
			<string>PBXFileReference</string>
			<key>lastKnownFileType</key>
			<string>sourcecode.c.h</string>
			<key>path</key>
			<string>AppDelegate.h</string>
			<key>sourceTree</key>
			<string>&lt;group&gt;</string>
		</dict>
		<key>4BF748CC1B84852A00E2F772</key>
		<dict>
			<key>isa</key>
			<string>PBXFileReference</string>
			<key>lastKnownFileType</key>
			<string>sourcecode.c.objc</string>
			<key>path</key>
			<string>AppDelegate.m</string>
			<key>sourceTree</key>
			<string>&lt;group&gt;</string>
		</dict>
		<key>4BF748CD1B84852A00E2F772</key>
		<dict>
			<key>fileRef</key>
			<string>4BF748CC1B84852A00E2F772</string>
			<key>isa</key>
			<string>PBXBuildFile</string>
		</dict>
		<key>4BF748D41B84852A00E2F772</key>
		<dict>
			<key>children</key>
			<array>
				<string>4BF748D51B84852A00E2F772</string>
			</array>
			<key>isa</key>
			<string>PBXVariantGroup</string>
			<key>name</key>
			<string>Main.storyboard</string>
			<key>sourceTree</key>
			<string>&lt;group&gt;</string>
		</dict>
		<key>4BF748D51B84852A00E2F772</key>
		<dict>
			<key>isa</key>
			<string>PBXFileReference</string>
			<key>lastKnownFileType</key>
			<string>file.storyboard</string>
			<key>name</key>
			<string>Base</string>
			<key>path</key>
			<string>Base.lproj/Main.storyboard</string>
			<key>sourceTree</key>
			<string>&lt;group&gt;</string>
		</dict>
		<key>4BF748D61B84852A00E2F772</key>
		<dict>
			<key>fileRef</key>
			<string>4BF748D41B84852A00E2F772</string>
			<key>isa</key>
			<string>PBXBuildFile</string>
		</dict>
		<key>4BF748D71B84852A00E2F772</key>
		<dict>
			<key>isa</key>
			<string>PBXFileReference</string>
			<key>lastKnownFileType</key>
			<string>folder.assetcatalog</string>
			<key>path</key>
			<string>Images.xcassets</string>
			<key>sourceTree</key>
			<string>&lt;group&gt;</string>
		</dict>
		<key>4BF748D81B84852A00E2F772</key>
		<dict>
			<key>fileRef</key>
			<string>4BF748D71B84852A00E2F772</string>
			<key>isa</key>
			<string>PBXBuildFile</string>
		</dict>
		<key>4BF748D91B84852A00E2F772</key>
		<dict>
			<key>children</key>
			<array>
				<string>4BF748DA1B84852A00E2F772</string>
			</array>
			<key>isa</key>
			<string>PBXVariantGroup</string>
			<key>name</key>
			<string>LaunchScreen.xib</string>
			<key>sourceTree</key>
			<string>&lt;group&gt;</string>
		</dict>
		<key>4BF748DA1B84852A00E2F772</key>
		<dict>
			<key>isa</key>
			<string>PBXFileReference</string>
			<key>lastKnownFileType</key>
			<string>file.xib</string>
			<key>name</key>
			<string>Base</string>
			<key>path</key>
			<string>Base.lproj/LaunchScreen.xib</string>
			<key>sourceTree</key>
			<string>&lt;group&gt;</string>
		</dict>
		<key>4BF748DB1B84852A00E2F772</key>
		<dict>
			<key>fileRef</key>
			<string>4BF748D91B84852A00E2F772</string>
			<key>isa</key>
			<string>PBXBuildFile</string>
		</dict>
		<key>4BF748E81B84852A00E2F772</key>
		<dict>
			<key>buildSettings</key>
			<dict>
				<key>ALWAYS_SEARCH_USER_PATHS</key>
				<string>NO</string>
				<key>CLANG_CXX_LANGUAGE_STANDARD</key>
				<string>gnu++0x</string>
				<key>CLANG_CXX_LIBRARY</key>
				<string>libc++</string>
				<key>CLANG_ENABLE_MODULES</key>
				<string>YES</string>
				<key>CLANG_ENABLE_OBJC_ARC</key>
				<string>YES</string>
				<key>CLANG_WARN_BOOL_CONVERSION</key>
				<string>YES</string>
				<key>CLANG_WARN_CONSTANT_CONVERSION</key>
				<string>YES</string>
				<key>CLANG_WARN_DIRECT_OBJC_ISA_USAGE</key>
				<string>YES_ERROR</string>
				<key>CLANG_WARN_EMPTY_BODY</key>
				<string>YES</string>
				<key>CLANG_WARN_ENUM_CONVERSION</key>
				<string>YES</string>
				<key>CLANG_WARN_INT_CONVERSION</key>
				<string>YES</string>
				<key>CLANG_WARN_OBJC_ROOT_CLASS</key>
				<string>YES_ERROR</string>
				<key>CLANG_WARN_UNREACHABLE_CODE</key>
				<string>YES</string>
				<key>CLANG_WARN__DUPLICATE_METHOD_MATCH</key>
				<string>YES</string>
				<key>CODE_SIGN_IDENTITY[sdk=iphoneos*]</key>
				<string>iPhone Developer</string>
				<key>COPY_PHASE_STRIP</key>
				<string>NO</string>
				<key>DEBUG_INFORMATION_FORMAT</key>
				<string>dwarf-with-dsym</string>
				<key>ENABLE_STRICT_OBJC_MSGSEND</key>
				<string>YES</string>
				<key>GCC_C_LANGUAGE_STANDARD</key>
				<string>gnu99</string>
				<key>GCC_DYNAMIC_NO_PIC</key>
				<string>NO</string>
				<key>GCC_NO_COMMON_BLOCKS</key>
				<string>YES</string>
				<key>GCC_OPTIMIZATION_LEVEL</key>
				<string>0</string>
				<key>GCC_PREPROCESSOR_DEFINITIONS</key>
				<array>
					<string>DEBUG=1</string>
					<string>$(inherited)</string>
				</array>
				<key>GCC_SYMBOLS_PRIVATE_EXTERN</key>
				<string>NO</string>
				<key>GCC_WARN_64_TO_32_BIT_CONVERSION</key>
				<string>YES</string>
				<key>GCC_WARN_ABOUT_RETURN_TYPE</key>
				<string>YES_ERROR</string>
				<key>GCC_WARN_UNDECLARED_SELECTOR</key>
				<string>YES</string>
				<key>GCC_WARN_UNINITIALIZED_AUTOS</key>
				<string>YES_AGGRESSIVE</string>
				<key>GCC_WARN_UNUSED_FUNCTION</key>
				<string>YES</string>
				<key>GCC_WARN_UNUSED_VARIABLE</key>
				<string>YES</string>
				<key>IPHONEOS_DEPLOYMENT_TARGET</key>
				<string>8.4</string>
				<key>MTL_ENABLE_DEBUG_INFO</key>
				<string>YES</string>
				<key>ONLY_ACTIVE_ARCH</key>
				<string>YES</string>
				<key>SDKROOT</key>
				<string>iphoneos</string>
			</dict>
			<key>isa</key>
			<string>XCBuildConfiguration</string>
			<key>name</key>
			<string>Debug</string>
		</dict>
		<key>4BF748E91B84852A00E2F772</key>
		<dict>
			<key>buildSettings</key>
			<dict>
				<key>ALWAYS_SEARCH_USER_PATHS</key>
				<string>NO</string>
				<key>CLANG_CXX_LANGUAGE_STANDARD</key>
				<string>gnu++0x</string>
				<key>CLANG_CXX_LIBRARY</key>
				<string>libc++</string>
				<key>CLANG_ENABLE_MODULES</key>
				<string>YES</string>
				<key>CLANG_ENABLE_OBJC_ARC</key>
				<string>YES</string>
				<key>CLANG_WARN_BOOL_CONVERSION</key>
				<string>YES</string>
				<key>CLANG_WARN_CONSTANT_CONVERSION</key>
				<string>YES</string>
				<key>CLANG_WARN_DIRECT_OBJC_ISA_USAGE</key>
				<string>YES_ERROR</string>
				<key>CLANG_WARN_EMPTY_BODY</key>
				<string>YES</string>
				<key>CLANG_WARN_ENUM_CONVERSION</key>
				<string>YES</string>
				<key>CLANG_WARN_INT_CONVERSION</key>
				<string>YES</string>
				<key>CLANG_WARN_OBJC_ROOT_CLASS</key>
				<string>YES_ERROR</string>
				<key>CLANG_WARN_UNREACHABLE_CODE</key>
				<string>YES</string>
				<key>CLANG_WARN__DUPLICATE_METHOD_MATCH</key>
				<string>YES</string>
				<key>CODE_SIGN_IDENTITY[sdk=iphoneos*]</key>
				<string>iPhone Developer</string>
				<key>COPY_PHASE_STRIP</key>
				<string>NO</string>
				<key>DEBUG_INFORMATION_FORMAT</key>
				<string>dwarf-with-dsym</string>
				<key>ENABLE_NS_ASSERTIONS</key>
				<string>NO</string>
				<key>ENABLE_STRICT_OBJC_MSGSEND</key>
				<string>YES</string>
				<key>GCC_C_LANGUAGE_STANDARD</key>
				<string>gnu99</string>
				<key>GCC_NO_COMMON_BLOCKS</key>
				<string>YES</string>
				<key>GCC_WARN_64_TO_32_BIT_CONVERSION</key>
				<string>YES</string>
				<key>GCC_WARN_ABOUT_RETURN_TYPE</key>
				<string>YES_ERROR</string>
				<key>GCC_WARN_UNDECLARED_SELECTOR</key>
				<string>YES</string>
				<key>GCC_WARN_UNINITIALIZED_AUTOS</key>
				<string>YES_AGGRESSIVE</string>
				<key>GCC_WARN_UNUSED_FUNCTION</key>
				<string>YES</string>
				<key>GCC_WARN_UNUSED_VARIABLE</key>
				<string>YES</string>
				<key>IPHONEOS_DEPLOYMENT_TARGET</key>
				<string>8.4</string>
				<key>MTL_ENABLE_DEBUG_INFO</key>
				<string>NO</string>
				<key>SDKROOT</key>
				<string>iphoneos</string>
				<key>VALIDATE_PRODUCT</key>
				<string>YES</string>
			</dict>
			<key>isa</key>
			<string>XCBuildConfiguration</string>
			<key>name</key>
			<string>Release</string>
		</dict>
		<key>4BF748EA1B84852A00E2F772</key>
		<dict>
			<key>buildConfigurations</key>
			<array>
				<string>4BF748EB1B84852A00E2F772</string>
				<string>4BF748EC1B84852A00E2F772</string>
			</array>
			<key>defaultConfigurationIsVisible</key>
			<string>0</string>
			<key>defaultConfigurationName</key>
			<string>Release</string>
			<key>isa</key>
			<string>XCConfigurationList</string>
		</dict>
		<key>4BF748EB1B84852A00E2F772</key>
		<dict>
			<key>baseConfigurationReference</key>
			<string>2800C908504AD9E3F8AB4736</string>
			<key>buildSettings</key>
			<dict>
				<key>ASSETCATALOG_COMPILER_APPICON_NAME</key>
				<string>AppIcon</string>
				<key>COMPRESS_PNG_FILES</key>
				<string>NO</string>
				<key>INFOPLIST_FILE</key>
				<string>shadertoy/Info.plist</string>
				<key>LD_RUNPATH_SEARCH_PATHS</key>
				<string>$(inherited) @executable_path/Frameworks</string>
				<key>PRODUCT_NAME</key>
				<string>$(TARGET_NAME)</string>
			</dict>
			<key>isa</key>
			<string>XCBuildConfiguration</string>
			<key>name</key>
			<string>Debug</string>
		</dict>
		<key>4BF748EC1B84852A00E2F772</key>
		<dict>
			<key>baseConfigurationReference</key>
			<string>CD72C56EEC40BF479E69F6A3</string>
			<key>buildSettings</key>
			<dict>
				<key>ASSETCATALOG_COMPILER_APPICON_NAME</key>
				<string>AppIcon</string>
				<key>COMPRESS_PNG_FILES</key>
				<string>NO</string>
				<key>INFOPLIST_FILE</key>
				<string>shadertoy/Info.plist</string>
				<key>LD_RUNPATH_SEARCH_PATHS</key>
				<string>$(inherited) @executable_path/Frameworks</string>
				<key>PRODUCT_NAME</key>
				<string>$(TARGET_NAME)</string>
			</dict>
			<key>isa</key>
			<string>XCBuildConfiguration</string>
			<key>name</key>
			<string>Release</string>
		</dict>
		<key>4BF748F01B848AD900E2F772</key>
		<dict>
			<key>fileEncoding</key>
			<string>4</string>
			<key>isa</key>
			<string>PBXFileReference</string>
			<key>lastKnownFileType</key>
			<string>sourcecode.c.h</string>
			<key>path</key>
			<string>APIShadertoy.h</string>
			<key>sourceTree</key>
			<string>&lt;group&gt;</string>
		</dict>
		<key>4BF748F11B848AD900E2F772</key>
		<dict>
			<key>fileEncoding</key>
			<string>4</string>
			<key>isa</key>
			<string>PBXFileReference</string>
			<key>lastKnownFileType</key>
			<string>sourcecode.c.objc</string>
			<key>path</key>
			<string>APIShadertoy.m</string>
			<key>sourceTree</key>
			<string>&lt;group&gt;</string>
		</dict>
		<key>4BF748F21B848AD900E2F772</key>
		<dict>
			<key>fileRef</key>
			<string>4BF748F11B848AD900E2F772</string>
			<key>isa</key>
			<string>PBXBuildFile</string>
		</dict>
		<key>4BF748F31B8491A100E2F772</key>
		<dict>
			<key>fileEncoding</key>
			<string>4</string>
			<key>isa</key>
			<string>PBXFileReference</string>
			<key>lastKnownFileType</key>
			<string>sourcecode.c.h</string>
			<key>path</key>
			<string>QueryTableViewController.h</string>
			<key>sourceTree</key>
			<string>&lt;group&gt;</string>
		</dict>
		<key>4BF748F41B8491A100E2F772</key>
		<dict>
			<key>fileEncoding</key>
			<string>4</string>
			<key>isa</key>
			<string>PBXFileReference</string>
			<key>lastKnownFileType</key>
			<string>sourcecode.c.objc</string>
			<key>path</key>
			<string>QueryTableViewController.m</string>
			<key>sourceTree</key>
			<string>&lt;group&gt;</string>
		</dict>
		<key>4BF748F51B8491A100E2F772</key>
		<dict>
			<key>fileRef</key>
			<string>4BF748F41B8491A100E2F772</string>
			<key>isa</key>
			<string>PBXBuildFile</string>
		</dict>
		<key>4BF748FB1B8498E100E2F772</key>
		<dict>
			<key>fileEncoding</key>
			<string>4</string>
			<key>isa</key>
			<string>PBXFileReference</string>
			<key>lastKnownFileType</key>
			<string>sourcecode.c.h</string>
			<key>path</key>
			<string>QueryTableViewCell.h</string>
			<key>sourceTree</key>
			<string>&lt;group&gt;</string>
		</dict>
		<key>4BF748FC1B8498E100E2F772</key>
		<dict>
			<key>fileEncoding</key>
			<string>4</string>
			<key>isa</key>
			<string>PBXFileReference</string>
			<key>lastKnownFileType</key>
			<string>sourcecode.c.objc</string>
			<key>path</key>
			<string>QueryTableViewCell.m</string>
			<key>sourceTree</key>
			<string>&lt;group&gt;</string>
		</dict>
		<key>4BF748FD1B8498E100E2F772</key>
		<dict>
			<key>fileEncoding</key>
			<string>4</string>
			<key>isa</key>
			<string>PBXFileReference</string>
			<key>lastKnownFileType</key>
			<string>file.xib</string>
			<key>path</key>
			<string>QueryTableViewCell.xib</string>
			<key>sourceTree</key>
			<string>&lt;group&gt;</string>
		</dict>
		<key>4BF748FE1B8498E100E2F772</key>
		<dict>
			<key>fileRef</key>
			<string>4BF748FC1B8498E100E2F772</string>
			<key>isa</key>
			<string>PBXBuildFile</string>
		</dict>
		<key>4BF748FF1B8498E100E2F772</key>
		<dict>
			<key>fileRef</key>
			<string>4BF748FD1B8498E100E2F772</string>
			<key>isa</key>
			<string>PBXBuildFile</string>
		</dict>
		<key>4BF749071B84B1B500E2F772</key>
		<dict>
			<key>fileEncoding</key>
			<string>4</string>
			<key>isa</key>
			<string>PBXFileReference</string>
			<key>lastKnownFileType</key>
			<string>sourcecode.c.h</string>
			<key>path</key>
			<string>APIShaderObject.h</string>
			<key>sourceTree</key>
			<string>&lt;group&gt;</string>
		</dict>
		<key>4BF749081B84B1B500E2F772</key>
		<dict>
			<key>fileEncoding</key>
			<string>4</string>
			<key>isa</key>
			<string>PBXFileReference</string>
			<key>lastKnownFileType</key>
			<string>sourcecode.c.objc</string>
			<key>path</key>
			<string>APIShaderObject.m</string>
			<key>sourceTree</key>
			<string>&lt;group&gt;</string>
		</dict>
		<key>4BF749091B84B1B500E2F772</key>
		<dict>
			<key>fileRef</key>
			<string>4BF749081B84B1B500E2F772</string>
			<key>isa</key>
			<string>PBXBuildFile</string>
		</dict>
		<key>4BF7490A1B84BD8900E2F772</key>
		<dict>
			<key>fileEncoding</key>
			<string>4</string>
			<key>isa</key>
			<string>PBXFileReference</string>
			<key>lastKnownFileType</key>
			<string>sourcecode.c.h</string>
			<key>path</key>
			<string>APIShaderRepository.h</string>
			<key>sourceTree</key>
			<string>&lt;group&gt;</string>
		</dict>
		<key>4BF7490B1B84BD8900E2F772</key>
		<dict>
			<key>fileEncoding</key>
			<string>4</string>
			<key>isa</key>
			<string>PBXFileReference</string>
			<key>lastKnownFileType</key>
			<string>sourcecode.c.objc</string>
			<key>path</key>
			<string>APIShaderRepository.m</string>
			<key>sourceTree</key>
			<string>&lt;group&gt;</string>
		</dict>
		<key>4BF7490C1B84BD8900E2F772</key>
		<dict>
			<key>fileRef</key>
			<string>4BF7490B1B84BD8900E2F772</string>
			<key>isa</key>
			<string>PBXBuildFile</string>
		</dict>
		<key>4BF7490D1B84C48200E2F772</key>
		<dict>
			<key>fileEncoding</key>
			<string>4</string>
			<key>isa</key>
			<string>PBXFileReference</string>
			<key>lastKnownFileType</key>
			<string>sourcecode.c.h</string>
			<key>path</key>
			<string>LocalCache.h</string>
			<key>sourceTree</key>
			<string>&lt;group&gt;</string>
		</dict>
		<key>4BF7490E1B84C48200E2F772</key>
		<dict>
			<key>fileEncoding</key>
			<string>4</string>
			<key>isa</key>
			<string>PBXFileReference</string>
			<key>lastKnownFileType</key>
			<string>sourcecode.c.objc</string>
			<key>path</key>
			<string>LocalCache.m</string>
			<key>sourceTree</key>
			<string>&lt;group&gt;</string>
		</dict>
		<key>4BF7490F1B84C48200E2F772</key>
		<dict>
			<key>fileRef</key>
			<string>4BF7490E1B84C48200E2F772</string>
			<key>isa</key>
			<string>PBXBuildFile</string>
		</dict>
		<key>4BF749101B84CE3000E2F772</key>
		<dict>
			<key>fileEncoding</key>
			<string>4</string>
			<key>isa</key>
			<string>PBXFileReference</string>
			<key>lastKnownFileType</key>
			<string>sourcecode.c.h</string>
			<key>path</key>
			<string>ShaderViewController.h</string>
			<key>sourceTree</key>
			<string>&lt;group&gt;</string>
		</dict>
		<key>4BF749111B84CE3000E2F772</key>
		<dict>
			<key>fileEncoding</key>
			<string>4</string>
			<key>isa</key>
			<string>PBXFileReference</string>
			<key>lastKnownFileType</key>
			<string>sourcecode.c.objc</string>
			<key>path</key>
			<string>ShaderViewController.m</string>
			<key>sourceTree</key>
			<string>&lt;group&gt;</string>
		</dict>
		<key>4BF749121B84CE3000E2F772</key>
		<dict>
			<key>fileRef</key>
			<string>4BF749111B84CE3000E2F772</string>
			<key>isa</key>
			<string>PBXBuildFile</string>
		</dict>
		<key>4BF749151B84D35A00E2F772</key>
		<dict>
			<key>isa</key>
			<string>PBXFileReference</string>
			<key>lastKnownFileType</key>
			<string>wrapper.framework</string>
			<key>name</key>
			<string>GLKit.framework</string>
			<key>path</key>
			<string>System/Library/Frameworks/GLKit.framework</string>
			<key>sourceTree</key>
			<string>SDKROOT</string>
		</dict>
		<key>4BF749161B84D35A00E2F772</key>
		<dict>
			<key>isa</key>
			<string>PBXFileReference</string>
			<key>lastKnownFileType</key>
			<string>wrapper.framework</string>
			<key>name</key>
			<string>OpenGLES.framework</string>
			<key>path</key>
			<string>System/Library/Frameworks/OpenGLES.framework</string>
			<key>sourceTree</key>
			<string>SDKROOT</string>
		</dict>
		<key>4BF749171B84D35A00E2F772</key>
		<dict>
			<key>fileRef</key>
			<string>4BF749151B84D35A00E2F772</string>
			<key>isa</key>
			<string>PBXBuildFile</string>
		</dict>
		<key>4BF749181B84D35A00E2F772</key>
		<dict>
			<key>fileRef</key>
			<string>4BF749161B84D35A00E2F772</string>
			<key>isa</key>
			<string>PBXBuildFile</string>
		</dict>
		<key>4BF7491F1B84E17B00E2F772</key>
		<dict>
			<key>fileEncoding</key>
			<string>4</string>
			<key>isa</key>
			<string>PBXFileReference</string>
			<key>lastKnownFileType</key>
			<string>sourcecode.c.h</string>
			<key>path</key>
			<string>MainTabBarController.h</string>
			<key>sourceTree</key>
			<string>&lt;group&gt;</string>
		</dict>
		<key>4BF749201B84E17B00E2F772</key>
		<dict>
			<key>fileEncoding</key>
			<string>4</string>
			<key>isa</key>
			<string>PBXFileReference</string>
			<key>lastKnownFileType</key>
			<string>sourcecode.c.objc</string>
			<key>path</key>
			<string>MainTabBarController.m</string>
			<key>sourceTree</key>
			<string>&lt;group&gt;</string>
		</dict>
		<key>4BF749211B84E17B00E2F772</key>
		<dict>
			<key>fileRef</key>
			<string>4BF749201B84E17B00E2F772</string>
			<key>isa</key>
			<string>PBXBuildFile</string>
		</dict>
		<key>994FA7077406D0EEFC5B09A7</key>
		<dict>
			<key>explicitFileType</key>
			<string>archive.ar</string>
			<key>includeInIndex</key>
			<string>0</string>
			<key>isa</key>
			<string>PBXFileReference</string>
			<key>path</key>
			<string>libPods.a</string>
			<key>sourceTree</key>
			<string>BUILT_PRODUCTS_DIR</string>
		</dict>
		<key>CD72C56EEC40BF479E69F6A3</key>
		<dict>
			<key>includeInIndex</key>
			<string>1</string>
			<key>isa</key>
			<string>PBXFileReference</string>
			<key>lastKnownFileType</key>
			<string>text.xcconfig</string>
			<key>name</key>
			<string>Pods.release.xcconfig</string>
			<key>path</key>
			<string>Pods/Target Support Files/Pods/Pods.release.xcconfig</string>
			<key>sourceTree</key>
			<string>&lt;group&gt;</string>
		</dict>
		<key>DE805019269C7314626ED46E</key>
		<dict>
			<key>fileRef</key>
			<string>994FA7077406D0EEFC5B09A7</string>
			<key>isa</key>
			<string>PBXBuildFile</string>
		</dict>
		<key>E5503E79E7E94822BE19495A</key>
		<dict>
			<key>children</key>
			<array>
				<string>4BF749151B84D35A00E2F772</string>
				<string>4BF749161B84D35A00E2F772</string>
				<string>994FA7077406D0EEFC5B09A7</string>
			</array>
			<key>isa</key>
			<string>PBXGroup</string>
			<key>name</key>
			<string>Frameworks</string>
			<key>sourceTree</key>
			<string>&lt;group&gt;</string>
		</dict>
		<key>EB0732F8B39093A1C563C9D0</key>
		<dict>
			<key>children</key>
			<array>
				<string>2800C908504AD9E3F8AB4736</string>
				<string>CD72C56EEC40BF479E69F6A3</string>
			</array>
			<key>isa</key>
			<string>PBXGroup</string>
			<key>name</key>
			<string>Pods</string>
			<key>sourceTree</key>
			<string>&lt;group&gt;</string>
		</dict>
	</dict>
	<key>rootObject</key>
	<string>4BF748BC1B84852A00E2F772</string>
</dict>
</plist>
